# @generated by Move, please check-in and do not edit manually.

[move]
version = 3
manifest_digest = "4CD73D761F2AAA03045DBF11DD1C17B3A4CBD42ED68FEA79ABE05523444EB05B"
deps_digest = "397E6A9F7A624706DBDFEE056CE88391A15876868FD18A88504DA74EB458D697"
dependencies = [
  { id = "Bridge", name = "Bridge" },
  { id = "MoveStdlib", name = "MoveStdlib" },
  { id = "Sui", name = "Sui" },
  { id = "SuiSystem", name = "SuiSystem" },
  { id = "Switchboard", name = "Switchboard" },
]

[[move.package]]
id = "Bridge"
source = { git = "https://github.com/MystenLabs/sui.git", rev = "4e8b6eda7d6411d80c62f39ac8a4f028e8d174c4", subdir = "crates/sui-framework/packages/bridge" }

dependencies = [
  { id = "MoveStdlib", name = "MoveStdlib" },
  { id = "Sui", name = "Sui" },
  { id = "SuiSystem", name = "SuiSystem" },
]

[[move.package]]
id = "MoveStdlib"
source = { git = "https://github.com/MystenLabs/sui.git", rev = "4e8b6eda7d6411d80c62f39ac8a4f028e8d174c4", subdir = "crates/sui-framework/packages/move-stdlib" }

[[move.package]]
id = "Sui"
source = { git = "https://github.com/MystenLabs/sui.git", rev = "4e8b6eda7d6411d80c62f39ac8a4f028e8d174c4", subdir = "crates/sui-framework/packages/sui-framework" }

dependencies = [
  { id = "MoveStdlib", name = "MoveStdlib" },
]

[[move.package]]
id = "SuiSystem"
source = { git = "https://github.com/MystenLabs/sui.git", rev = "4e8b6eda7d6411d80c62f39ac8a4f028e8d174c4", subdir = "crates/sui-framework/packages/sui-system" }

dependencies = [
  { id = "MoveStdlib", name = "MoveStdlib" },
  { id = "Sui", name = "Sui" },
]

[[move.package]]
id = "Switchboard"
source = { git = "https://github.com/switchboard-xyz/sui.git", rev = "testnet", subdir = "on_demand" }

dependencies = [
  { id = "Bridge", name = "Bridge" },
  { id = "MoveStdlib", name = "MoveStdlib" },
  { id = "Sui", name = "Sui" },
  { id = "SuiSystem", name = "SuiSystem" },
]

[move.toolchain-version]
compiler-version = "1.58.1"
edition = "2024.beta"
flavor = "sui"

[env]

[env.testnet]
chain-id = "4c78adac"
original-published-id = "0x4efaf0484726101564f7c275225f40b851c2e3196592fad41086790c10824376"
latest-published-id = "0x4efaf0484726101564f7c275225f40b851c2e3196592fad41086790c10824376"
published-version = "1"
